
Microsoft Visual Studio Solution File, Format Version 12.00
# Visual Studio Version 17
VisualStudioVersion = 17.11.35303.130
MinimumVisualStudioVersion = 10.0.40219.1
Project("{FAE04EC0-301F-11D3-BF4B-00C04F79EFBC}") = "DataBaseGui", "DataBaseGui\DataBaseGui.csproj", "{39CD3ADE-377E-44FC-AB49-CB5306CA065B}"
EndProject
Global
	GlobalSection(SolutionConfigurationPlatforms) = preSolution
		Debug|Any CPU = Debug|Any CPU
		Release|Any CPU = Release|Any CPU
	EndGlobalSection
	GlobalSection(ProjectConfigurationPlatforms) = postSolution
		{39CD3ADE-377E-44FC-AB49-CB5306CA065B}.Debug|Any CPU.ActiveCfg = Debug|Any CPU
		{39CD3ADE-377E-44FC-AB49-CB5306CA065B}.Debug|Any CPU.Build.0 = Debug|Any CPU
		{39CD3ADE-377E-44FC-AB49-CB5306CA065B}.Release|Any CPU.ActiveCfg = Release|Any CPU
		{39CD3ADE-377E-44FC-AB49-CB5306CA065B}.Release|Any CPU.Build.0 = Release|Any CPU
	EndGlobalSection
	GlobalSection(SolutionProperties) = preSolution
		HideSolutionNode = FALSE
	EndGlobalSection
	GlobalSection(ExtensibilityGlobals) = postSolution
		SolutionGuid = {7DDB9A73-9766-4851-993F-F51CD5126B6C}
	EndGlobalSection
EndGlobal
